{
  "name": "@tkeel/console-plugin-tenant-routing-rules",
  "version": "0.0.1",
  "lockfileVersion": 1,
  "requires": true,
  "dependencies": {
    "react-hook-form": {
      "version": "7.28.0",
      "resolved": "https://registry.npmmirror.com/react-hook-form/-/react-hook-form-7.28.0.tgz",
      "integrity": "sha512-mmLpT86BkMGPr0r6ca8zxV0WH4Y1FW5MKs7Rq1+uHLVeeg5pSWbF5Z/qLCnM5vPVblHNM6lRBRRotnfEAf0ALA=="
    }
  }
}
